github.com/studio-b12/gowebdav v0.0.0-20221109171924-60ec5ad56012 h1:ZC+dlnsjxqrcB68nEFbIEfo4iXsog3Sg8FlXKytAjhY=
github.com/studio-b12/gowebdav v0.0.0-20221109171924-60ec5ad56012/go.mod h1:bHA7t77X/QFExdeAnDzK6vKM34kEZAcE1OX4MfiwjkE=
golang.org/x/net v0.2.0 h1:sZfSu1wtKLGlWI4ZZayP0ck9Y73K1ynO6gqzTdBVdPU=
golang.org/x/net v0.2.0/go.mod h1:KqCZLdyyvdV855qA2rE3GC2aiw5xGR5TEjj8smXukLY=
